
Microsoft Visual Studio Solution File, Format Version 12.00
# Visual Studio Version 17
VisualStudioVersion = 17.9.34723.18
MinimumVisualStudioVersion = 10.0.40219.1
Project("{9A19103F-16F7-4668-BE54-9A1E7A4F7556}") = "ChessSharp", "ChessSharp\ChessSharp.csproj", "{AC001BB6-08C8-489E-8838-43DA8FFD97A2}"
EndProject
Project("{9A19103F-16F7-4668-BE54-9A1E7A4F7556}") = "ChessUtilsTests", "ChessUtilsTests\ChessUtilsTests.csproj", "{AD129FCC-7D94-431F-90C0-2715D13C7D0B}"
EndProject
Project("{FAE04EC0-301F-11D3-BF4B-00C04F79EFBC}") = "ChessSharpGUI", "ChessSharpGUI\ChessSharpGUI.csproj", "{03800B0B-9EE0-4A4A-8823-8B3E12EAD9BF}"
EndProject
Global
	GlobalSection(SolutionConfigurationPlatforms) = preSolution
		Debug|Any CPU = Debug|Any CPU
		Release|Any CPU = Release|Any CPU
	EndGlobalSection
	GlobalSection(ProjectConfigurationPlatforms) = postSolution
		{AC001BB6-08C8-489E-8838-43DA8FFD97A2}.Debug|Any CPU.ActiveCfg = Debug|Any CPU
		{AC001BB6-08C8-489E-8838-43DA8FFD97A2}.Debug|Any CPU.Build.0 = Debug|Any CPU
		{AC001BB6-08C8-489E-8838-43DA8FFD97A2}.Release|Any CPU.ActiveCfg = Release|Any CPU
		{AC001BB6-08C8-489E-8838-43DA8FFD97A2}.Release|Any CPU.Build.0 = Release|Any CPU
		{AD129FCC-7D94-431F-90C0-2715D13C7D0B}.Debug|Any CPU.ActiveCfg = Debug|Any CPU
		{AD129FCC-7D94-431F-90C0-2715D13C7D0B}.Debug|Any CPU.Build.0 = Debug|Any CPU
		{AD129FCC-7D94-431F-90C0-2715D13C7D0B}.Release|Any CPU.ActiveCfg = Release|Any CPU
		{AD129FCC-7D94-431F-90C0-2715D13C7D0B}.Release|Any CPU.Build.0 = Release|Any CPU
		{03800B0B-9EE0-4A4A-8823-8B3E12EAD9BF}.Debug|Any CPU.ActiveCfg = Debug|Any CPU
		{03800B0B-9EE0-4A4A-8823-8B3E12EAD9BF}.Debug|Any CPU.Build.0 = Debug|Any CPU
		{03800B0B-9EE0-4A4A-8823-8B3E12EAD9BF}.Release|Any CPU.ActiveCfg = Release|Any CPU
		{03800B0B-9EE0-4A4A-8823-8B3E12EAD9BF}.Release|Any CPU.Build.0 = Release|Any CPU
	EndGlobalSection
	GlobalSection(SolutionProperties) = preSolution
		HideSolutionNode = FALSE
	EndGlobalSection
	GlobalSection(ExtensibilityGlobals) = postSolution
		SolutionGuid = {0A728661-D5D6-4D98-ABE6-099A8F4CDF4F}
	EndGlobalSection
EndGlobal
